{
  "version": 1,
  "dependencies": {
    "net8.0": {
      "Bom.Squad": {
        "type": "Direct",
        "requested": "[0.3.0, )",
        "resolved": "0.3.0",
        "contentHash": "XzhQ6cpYMDACcRosaHBO8P8SGAJ2GBC/9Hcb0WUUe9UTUCttr3PrIWf7r\u002Bbg6sDCu3/gPWPgh8lfHMTXAi/v3A=="
      },
      "DataSizeUnits": {
        "type": "Direct",
        "requested": "[3.0.0-beta1, )",
        "resolved": "3.0.0-beta1",
        "contentHash": "Yxqk4kiw52biTvSzyV8YAGcixe4F30JdPzisihLSuapgB0ON6m0ONnA\u002Bk5LwwMag3kapYokivsoLGI8P4JUdaA=="
      },
      "McMaster.Extensions.CommandLineUtils": {
        "type": "Direct",
        "requested": "[4.1.1, )",
        "resolved": "4.1.1",
        "contentHash": "zxgDY\u002BG5yVq2q8sVB3Z275Qkxed1jC95nwAfnlSyoG4l5Nicvd4\u002Bke1jXusEZEfyuErlAgXCKS937c13FmZWBg==",
        "dependencies": {
          "System.ComponentModel.Annotations": "5.0.0"
        }
      },
      "System.ComponentModel.Annotations": {
        "type": "Transitive",
        "resolved": "5.0.0",
        "contentHash": "dMkqfy2el8A8/I76n2Hi1oBFEbG1SfxD2l5nhwXV3XjlnOmwxJlQbYpJH4W51odnU9sARCSAgv7S3CyAFMkpYg=="
      }
    },
    "net8.0/linux-arm": {},
    "net8.0/linux-arm64": {},
    "net8.0/linux-x64": {},
    "net8.0/win-arm64": {},
    "net8.0/win-x64": {}
  }
}