{
  "version": 1,
  "dependencies": {
    "net8.0": {
      "Bom.Squad": {
        "type": "Direct",
        "requested": "[0.3.0, )",
        "resolved": "0.3.0",
        "contentHash": "XzhQ6cpYMDACcRosaHBO8P8SGAJ2GBC/9Hcb0WUUe9UTUCttr3PrIWf7r+bg6sDCu3/gPWPgh8lfHMTXAi/v3A=="
      },
      "DataSizeUnits": {
        "type": "Direct",
        "requested": "[3.0.0-beta1, )",
        "resolved": "3.0.0-beta1",
        "contentHash": "Yxqk4kiw52biTvSzyV8YAGcixe4F30JdPzisihLSuapgB0ON6m0ONnA+k5LwwMag3kapYokivsoLGI8P4JUdaA=="
      },
      "McMaster.Extensions.CommandLineUtils": {
        "type": "Direct",
        "requested": "[4.1.1, )",
        "resolved": "4.1.1",
        "contentHash": "zxgDY+G5yVq2q8sVB3Z275Qkxed1jC95nwAfnlSyoG4l5Nicvd4+ke1jXusEZEfyuErlAgXCKS937c13FmZWBg==",
        "dependencies": {
          "System.ComponentModel.Annotations": "5.0.0"
        }
      },
      "Unfucked.HTTP": {
        "type": "Direct",
        "requested": "[0.0.1-beta.3, )",
        "resolved": "0.0.1-beta.3",
        "contentHash": "JMXFWAEEOBS3XrGnDoSKuDZeQnrg13HsV4AhAG7XbD6iFhB991bCE5rsKQtGRB5956o7DgYqwHw30gZOvcqJRQ==",
        "dependencies": {
          "System.Text.Json": "8.0.5",
          "Unfucked": "0.0.1-beta.2"
        }
      },
      "System.ComponentModel.Annotations": {
        "type": "Transitive",
        "resolved": "5.0.0",
        "contentHash": "dMkqfy2el8A8/I76n2Hi1oBFEbG1SfxD2l5nhwXV3XjlnOmwxJlQbYpJH4W51odnU9sARCSAgv7S3CyAFMkpYg=="
      },
      "System.Text.Json": {
        "type": "Transitive",
        "resolved": "8.0.5",
        "contentHash": "0f1B50Ss7rqxXiaBJyzUu9bWFOO2/zSlifZ/UNMdiIpDYe4cY4LQQicP4nirK1OS31I43rn062UIJ1Q9bpmHpg=="
      },
      "Unfucked": {
        "type": "Transitive",
        "resolved": "0.0.1-beta.2",
        "contentHash": "J8VhdV4QyfN40LO+m5tCa4O1lmpQXPB5rK2fmcJ/uN+y0VGldzjVNJnUxe/sPntPCxWuFc6OOjjPF9f6GpYOMQ=="
      }
    },
    "net8.0/linux-arm": {},
    "net8.0/linux-arm64": {},
    "net8.0/linux-x64": {},
    "net8.0/win-arm64": {},
    "net8.0/win-x64": {}
  }
}