{
  "version": 1,
  "dependencies": {
    "net8.0": {
      "AngleSharp": {
        "type": "Direct",
        "requested": "[1.2.0, )",
        "resolved": "1.2.0",
        "contentHash": "uF/PzSCVcb+b2nqVvHZbOqexoJ9R6QLjonugPf0PQl+0h7YKaFZeXyspctbHe5HGlx7/Iuk5BErtk+t63ac/ZA=="
      },
      "McMaster.Extensions.CommandLineUtils": {
        "type": "Direct",
        "requested": "[4.1.1, )",
        "resolved": "4.1.1",
        "contentHash": "zxgDY+G5yVq2q8sVB3Z275Qkxed1jC95nwAfnlSyoG4l5Nicvd4+ke1jXusEZEfyuErlAgXCKS937c13FmZWBg==",
        "dependencies": {
          "System.ComponentModel.Annotations": "5.0.0"
        }
      },
      "Octokit": {
        "type": "Direct",
        "requested": "[14.0.0, )",
        "resolved": "14.0.0",
        "contentHash": "jGOuTH1l+TCpJH+fwYOp7USzHDuGfN1jKbLz3J2COwyn+wL08eynvpnM6rY2qkzIEXum3PN2p2QkP3BW/p9Qcw=="
      },
      "Unfucked": {
        "type": "Direct",
        "requested": "[0.0.1-beta.2, )",
        "resolved": "0.0.1-beta.2",
        "contentHash": "J8VhdV4QyfN40LO+m5tCa4O1lmpQXPB5rK2fmcJ/uN+y0VGldzjVNJnUxe/sPntPCxWuFc6OOjjPF9f6GpYOMQ=="
      },
      "System.ComponentModel.Annotations": {
        "type": "Transitive",
        "resolved": "5.0.0",
        "contentHash": "dMkqfy2el8A8/I76n2Hi1oBFEbG1SfxD2l5nhwXV3XjlnOmwxJlQbYpJH4W51odnU9sARCSAgv7S3CyAFMkpYg=="
      }
    }
  }
}